// !$*UTF8*$!
{
	archiveVersion = 1;
	classes = {
	};
	objectVersion = 51;
	objects = {

/* Begin PBXBuildFile section */
		2174D9B9E6EA8A3150EB28E3 /* libPods-Twenty.a in Frameworks */ = {isa = PBXBuildFile; fileRef = A4A5AC360BE63538BD4D7714 /* libPods-Twenty.a */; };
		73544F602495F0740038914D /* SignUpViewController.swift in Sources */ = {isa = PBXBuildFile; fileRef = 73544F5F2495F0740038914D /* SignUpViewController.swift */; };
		73544F622495F0900038914D /* SignInViewController.swift in Sources */ = {isa = PBXBuildFile; fileRef = 73544F612495F0900038914D /* SignInViewController.swift */; };
		73544F642495F0CF0038914D /* HomeViewController.swift in Sources */ = {isa = PBXBuildFile; fileRef = 73544F632495F0CF0038914D /* HomeViewController.swift */; };
		73544F672496F8170038914D /* ViewController.swift in Sources */ = {isa = PBXBuildFile; fileRef = 73544F662496F8170038914D /* ViewController.swift */; };
		73544F6D2497098E0038914D /* Login.storyboard in Resources */ = {isa = PBXBuildFile; fileRef = 73544F6C2497098E0038914D /* Login.storyboard */; };
		739C10E62497346D003B9B15 /* Constants.swift in Sources */ = {isa = PBXBuildFile; fileRef = 739C10E52497346D003B9B15 /* Constants.swift */; };
		739EBF7A248D8D6F000FEE6D /* GoogleService-Info.plist in Resources */ = {isa = PBXBuildFile; fileRef = 739EBF79248D8D6F000FEE6D /* GoogleService-Info.plist */; };
		73B7E98E249873C00061D923 /* Utilities.swift in Sources */ = {isa = PBXBuildFile; fileRef = 73B7E98D249873BF0061D923 /* Utilities.swift */; };
		73B7E992249893E20061D923 /* GoogleSignInViewController.swift in Sources */ = {isa = PBXBuildFile; fileRef = 73B7E991249893E20061D923 /* GoogleSignInViewController.swift */; };
		E77A512A2484130C009243CC /* GoalStoreWriter.swift in Sources */ = {isa = PBXBuildFile; fileRef = E77A51292484130C009243CC /* GoalStoreWriter.swift */; };
		E78F054D247F495D0066C687 /* AppDelegate.swift in Sources */ = {isa = PBXBuildFile; fileRef = E78F054C247F495D0066C687 /* AppDelegate.swift */; };
		E78F054F247F495D0066C687 /* SceneDelegate.swift in Sources */ = {isa = PBXBuildFile; fileRef = E78F054E247F495D0066C687 /* SceneDelegate.swift */; };
		E78F0551247F495D0066C687 /* ContentView.swift in Sources */ = {isa = PBXBuildFile; fileRef = E78F0550247F495D0066C687 /* ContentView.swift */; };
		E78F0553247F49630066C687 /* Assets.xcassets in Resources */ = {isa = PBXBuildFile; fileRef = E78F0552247F49630066C687 /* Assets.xcassets */; };
		E78F0556247F49630066C687 /* Preview Assets.xcassets in Resources */ = {isa = PBXBuildFile; fileRef = E78F0555247F49630066C687 /* Preview Assets.xcassets */; };
		E78F0559247F49630066C687 /* LaunchScreen.storyboard in Resources */ = {isa = PBXBuildFile; fileRef = E78F0557247F49630066C687 /* LaunchScreen.storyboard */; };
		E78F057B247F53150066C687 /* TimerWatchView.swift in Sources */ = {isa = PBXBuildFile; fileRef = E78F057A247F53150066C687 /* TimerWatchView.swift */; };
		E78F057D247F53260066C687 /* TextModel.swift in Sources */ = {isa = PBXBuildFile; fileRef = E78F057C247F53260066C687 /* TextModel.swift */; };
		E78F057F247F6CF30066C687 /* ColorPalette.swift in Sources */ = {isa = PBXBuildFile; fileRef = E78F057E247F6CF30066C687 /* ColorPalette.swift */; };
		E78F058124803D290066C687 /* StatefulTimerWatchView.swift in Sources */ = {isa = PBXBuildFile; fileRef = E78F058024803D290066C687 /* StatefulTimerWatchView.swift */; };
		E78F0589248093140066C687 /* BackgroundColorMode.swift in Sources */ = {isa = PBXBuildFile; fileRef = E78F0588248093140066C687 /* BackgroundColorMode.swift */; };
		E78F058B248093D30066C687 /* BorderMode.swift in Sources */ = {isa = PBXBuildFile; fileRef = E78F058A248093D30066C687 /* BorderMode.swift */; };
		E78F058D2480946C0066C687 /* ButtonModel.swift in Sources */ = {isa = PBXBuildFile; fileRef = E78F058C2480946C0066C687 /* ButtonModel.swift */; };
		E78F058F248094E40066C687 /* TextButton.swift in Sources */ = {isa = PBXBuildFile; fileRef = E78F058E248094E40066C687 /* TextButton.swift */; };
		E78F0591248095BE0066C687 /* StatefulTimerButton.swift in Sources */ = {isa = PBXBuildFile; fileRef = E78F0590248095BE0066C687 /* StatefulTimerButton.swift */; };
		E78F059324809CB90066C687 /* StatefulTimerTabView.swift in Sources */ = {isa = PBXBuildFile; fileRef = E78F059224809CB90066C687 /* StatefulTimerTabView.swift */; };
		E78F05982480A9B60066C687 /* TwentyTimer.swift in Sources */ = {isa = PBXBuildFile; fileRef = E78F05972480A9B60066C687 /* TwentyTimer.swift */; };
		E78F059A2481D0D10066C687 /* BackgroundTimer.swift in Sources */ = {isa = PBXBuildFile; fileRef = E78F05992481D0D10066C687 /* BackgroundTimer.swift */; };
		E78F059C2482B99B0066C687 /* TimerStateStore.swift in Sources */ = {isa = PBXBuildFile; fileRef = E78F059B2482B99A0066C687 /* TimerStateStore.swift */; };
		E7D3DC732483055800422C77 /* Goal.swift in Sources */ = {isa = PBXBuildFile; fileRef = E7D3DC722483055800422C77 /* Goal.swift */; };
		E7D3DC7524833DD700422C77 /* GoalStoreReader.swift in Sources */ = {isa = PBXBuildFile; fileRef = E7D3DC7424833DD700422C77 /* GoalStoreReader.swift */; };
		E7D3F4462489426D00463D48 /* GridStack.swift in Sources */ = {isa = PBXBuildFile; fileRef = E7D3F4452489426D00463D48 /* GridStack.swift */; };
		E7D3F44A2489567100463D48 /* BackgroundShape.swift in Sources */ = {isa = PBXBuildFile; fileRef = E7D3F4492489567100463D48 /* BackgroundShape.swift */; };
		E7D3F44C248956FE00463D48 /* CalendarDayCell.swift in Sources */ = {isa = PBXBuildFile; fileRef = E7D3F44B248956FE00463D48 /* CalendarDayCell.swift */; };
		E7D3F453248993BE00463D48 /* Calendar.swift in Sources */ = {isa = PBXBuildFile; fileRef = E7D3F452248993BE00463D48 /* Calendar.swift */; };
		E7D3F455248997F100463D48 /* CalendarTests.swift in Sources */ = {isa = PBXBuildFile; fileRef = E7D3F454248997F000463D48 /* CalendarTests.swift */; };
		E7D3F4572489AE3C00463D48 /* CalendarWeekView.swift in Sources */ = {isa = PBXBuildFile; fileRef = E7D3F4562489AE3C00463D48 /* CalendarWeekView.swift */; };
		E7D3F4592489B2DF00463D48 /* CalendarMonthView.swift in Sources */ = {isa = PBXBuildFile; fileRef = E7D3F4582489B2DF00463D48 /* CalendarMonthView.swift */; };
		E7D3F45E248BF2F700463D48 /* UnwrapView.swift in Sources */ = {isa = PBXBuildFile; fileRef = E7D3F45D248BF2F700463D48 /* UnwrapView.swift */; };
		E7D3F46624907D8E00463D48 /* StatefulSelectDayHeader.swift in Sources */ = {isa = PBXBuildFile; fileRef = E7D3F46524907D8E00463D48 /* StatefulSelectDayHeader.swift */; };
		E7D3F4682493129900463D48 /* ProgressBar.swift in Sources */ = {isa = PBXBuildFile; fileRef = E7D3F4672493129800463D48 /* ProgressBar.swift */; };
		E7D3F46A2493216000463D48 /* ProgressView.swift in Sources */ = {isa = PBXBuildFile; fileRef = E7D3F4692493216000463D48 /* ProgressView.swift */; };
		E7D3F46E249453D800463D48 /* StatefulProgressView.swift in Sources */ = {isa = PBXBuildFile; fileRef = E7D3F46D249453D800463D48 /* StatefulProgressView.swift */; };
		E7E00235249AF48F00403E50 /* GoalImpl.swift in Sources */ = {isa = PBXBuildFile; fileRef = E7E00234249AF48F00403E50 /* GoalImpl.swift */; };
		E7E00238249AF61400403E50 /* PersistentDataStore.swift in Sources */ = {isa = PBXBuildFile; fileRef = E7E00237249AF61400403E50 /* PersistentDataStore.swift */; };
		E7E0023A249AF88700403E50 /* GoalStoreImpl.swift in Sources */ = {isa = PBXBuildFile; fileRef = E7E00239249AF88700403E50 /* GoalStoreImpl.swift */; };
		E7F39BC6249C523C00E5B751 /* FirebasePersistentDataStore.swift in Sources */ = {isa = PBXBuildFile; fileRef = E7F39BC5249C523B00E5B751 /* FirebasePersistentDataStore.swift */; };
/* End PBXBuildFile section */

/* Begin PBXContainerItemProxy section */
		E78F0560247F49640066C687 /* PBXContainerItemProxy */ = {
			isa = PBXContainerItemProxy;
			containerPortal = E78F0541247F495D0066C687 /* Project object */;
			proxyType = 1;
			remoteGlobalIDString = E78F0548247F495D0066C687;
			remoteInfo = Twenty;
		};
/* End PBXContainerItemProxy section */

/* Begin PBXFileReference section */
		73544F5F2495F0740038914D /* SignUpViewController.swift */ = {isa = PBXFileReference; lastKnownFileType = sourcecode.swift; path = SignUpViewController.swift; sourceTree = "<group>"; };
		73544F612495F0900038914D /* SignInViewController.swift */ = {isa = PBXFileReference; lastKnownFileType = sourcecode.swift; path = SignInViewController.swift; sourceTree = "<group>"; };
		73544F632495F0CF0038914D /* HomeViewController.swift */ = {isa = PBXFileReference; lastKnownFileType = sourcecode.swift; path = HomeViewController.swift; sourceTree = "<group>"; };
		73544F662496F8170038914D /* ViewController.swift */ = {isa = PBXFileReference; lastKnownFileType = sourcecode.swift; path = ViewController.swift; sourceTree = "<group>"; };
		73544F6C2497098E0038914D /* Login.storyboard */ = {isa = PBXFileReference; lastKnownFileType = file.storyboard; path = Login.storyboard; sourceTree = "<group>"; };
		739C10E52497346D003B9B15 /* Constants.swift */ = {isa = PBXFileReference; lastKnownFileType = sourcecode.swift; path = Constants.swift; sourceTree = "<group>"; };
		739EBF79248D8D6F000FEE6D /* GoogleService-Info.plist */ = {isa = PBXFileReference; fileEncoding = 4; lastKnownFileType = text.plist.xml; name = "GoogleService-Info.plist"; path = "../../../../Downloads/GoogleService-Info.plist"; sourceTree = "<group>"; };
		73B7E98D249873BF0061D923 /* Utilities.swift */ = {isa = PBXFileReference; fileEncoding = 4; lastKnownFileType = sourcecode.swift; path = Utilities.swift; sourceTree = "<group>"; };
		73B7E991249893E20061D923 /* GoogleSignInViewController.swift */ = {isa = PBXFileReference; lastKnownFileType = sourcecode.swift; name = GoogleSignInViewController.swift; path = ../../GoogleSignInViewController.swift; sourceTree = "<group>"; };
		889D85D83787130A2704596A /* Pods-Twenty.debug.xcconfig */ = {isa = PBXFileReference; includeInIndex = 1; lastKnownFileType = text.xcconfig; name = "Pods-Twenty.debug.xcconfig"; path = "Target Support Files/Pods-Twenty/Pods-Twenty.debug.xcconfig"; sourceTree = "<group>"; };
		A4A5AC360BE63538BD4D7714 /* libPods-Twenty.a */ = {isa = PBXFileReference; explicitFileType = archive.ar; includeInIndex = 0; path = "libPods-Twenty.a"; sourceTree = BUILT_PRODUCTS_DIR; };
		AF69723C306F40791B2C46CA /* Pods-Twenty.release.xcconfig */ = {isa = PBXFileReference; includeInIndex = 1; lastKnownFileType = text.xcconfig; name = "Pods-Twenty.release.xcconfig"; path = "Target Support Files/Pods-Twenty/Pods-Twenty.release.xcconfig"; sourceTree = "<group>"; };
		E77A51292484130C009243CC /* GoalStoreWriter.swift */ = {isa = PBXFileReference; lastKnownFileType = sourcecode.swift; path = GoalStoreWriter.swift; sourceTree = "<group>"; };
		E78F0549247F495D0066C687 /* Twenty.app */ = {isa = PBXFileReference; explicitFileType = wrapper.application; includeInIndex = 0; path = Twenty.app; sourceTree = BUILT_PRODUCTS_DIR; };
		E78F054C247F495D0066C687 /* AppDelegate.swift */ = {isa = PBXFileReference; lastKnownFileType = sourcecode.swift; path = AppDelegate.swift; sourceTree = "<group>"; };
		E78F054E247F495D0066C687 /* SceneDelegate.swift */ = {isa = PBXFileReference; lastKnownFileType = sourcecode.swift; path = SceneDelegate.swift; sourceTree = "<group>"; };
		E78F0550247F495D0066C687 /* ContentView.swift */ = {isa = PBXFileReference; lastKnownFileType = sourcecode.swift; path = ContentView.swift; sourceTree = "<group>"; };
		E78F0552247F49630066C687 /* Assets.xcassets */ = {isa = PBXFileReference; lastKnownFileType = folder.assetcatalog; path = Assets.xcassets; sourceTree = "<group>"; };
		E78F0555247F49630066C687 /* Preview Assets.xcassets */ = {isa = PBXFileReference; lastKnownFileType = folder.assetcatalog; path = "Preview Assets.xcassets"; sourceTree = "<group>"; };
		E78F0558247F49630066C687 /* Base */ = {isa = PBXFileReference; lastKnownFileType = file.storyboard; name = Base; path = Base.lproj/LaunchScreen.storyboard; sourceTree = "<group>"; };
		E78F055A247F49630066C687 /* Info.plist */ = {isa = PBXFileReference; lastKnownFileType = text.plist.xml; path = Info.plist; sourceTree = "<group>"; };
		E78F055F247F49640066C687 /* TwentyTests.xctest */ = {isa = PBXFileReference; explicitFileType = wrapper.cfbundle; includeInIndex = 0; path = TwentyTests.xctest; sourceTree = BUILT_PRODUCTS_DIR; };
		E78F0565247F49640066C687 /* Info.plist */ = {isa = PBXFileReference; lastKnownFileType = text.plist.xml; path = Info.plist; sourceTree = "<group>"; };
		E78F057A247F53150066C687 /* TimerWatchView.swift */ = {isa = PBXFileReference; lastKnownFileType = sourcecode.swift; path = TimerWatchView.swift; sourceTree = "<group>"; };
		E78F057C247F53260066C687 /* TextModel.swift */ = {isa = PBXFileReference; lastKnownFileType = sourcecode.swift; path = TextModel.swift; sourceTree = "<group>"; };
		E78F057E247F6CF30066C687 /* ColorPalette.swift */ = {isa = PBXFileReference; lastKnownFileType = sourcecode.swift; path = ColorPalette.swift; sourceTree = "<group>"; };
		E78F058024803D290066C687 /* StatefulTimerWatchView.swift */ = {isa = PBXFileReference; lastKnownFileType = sourcecode.swift; path = StatefulTimerWatchView.swift; sourceTree = "<group>"; };
		E78F0588248093140066C687 /* BackgroundColorMode.swift */ = {isa = PBXFileReference; lastKnownFileType = sourcecode.swift; path = BackgroundColorMode.swift; sourceTree = "<group>"; };
		E78F058A248093D30066C687 /* BorderMode.swift */ = {isa = PBXFileReference; lastKnownFileType = sourcecode.swift; path = BorderMode.swift; sourceTree = "<group>"; };
		E78F058C2480946C0066C687 /* ButtonModel.swift */ = {isa = PBXFileReference; lastKnownFileType = sourcecode.swift; path = ButtonModel.swift; sourceTree = "<group>"; };
		E78F058E248094E40066C687 /* TextButton.swift */ = {isa = PBXFileReference; lastKnownFileType = sourcecode.swift; path = TextButton.swift; sourceTree = "<group>"; };
		E78F0590248095BE0066C687 /* StatefulTimerButton.swift */ = {isa = PBXFileReference; lastKnownFileType = sourcecode.swift; path = StatefulTimerButton.swift; sourceTree = "<group>"; };
		E78F059224809CB90066C687 /* StatefulTimerTabView.swift */ = {isa = PBXFileReference; lastKnownFileType = sourcecode.swift; path = StatefulTimerTabView.swift; sourceTree = "<group>"; };
		E78F05972480A9B60066C687 /* TwentyTimer.swift */ = {isa = PBXFileReference; lastKnownFileType = sourcecode.swift; path = TwentyTimer.swift; sourceTree = "<group>"; };
		E78F05992481D0D10066C687 /* BackgroundTimer.swift */ = {isa = PBXFileReference; lastKnownFileType = sourcecode.swift; path = BackgroundTimer.swift; sourceTree = "<group>"; };
		E78F059B2482B99A0066C687 /* TimerStateStore.swift */ = {isa = PBXFileReference; lastKnownFileType = sourcecode.swift; path = TimerStateStore.swift; sourceTree = "<group>"; };
		E7D3DC722483055800422C77 /* Goal.swift */ = {isa = PBXFileReference; lastKnownFileType = sourcecode.swift; path = Goal.swift; sourceTree = "<group>"; };
		E7D3DC7424833DD700422C77 /* GoalStoreReader.swift */ = {isa = PBXFileReference; lastKnownFileType = sourcecode.swift; path = GoalStoreReader.swift; sourceTree = "<group>"; };
		E7D3F4452489426D00463D48 /* GridStack.swift */ = {isa = PBXFileReference; lastKnownFileType = sourcecode.swift; path = GridStack.swift; sourceTree = "<group>"; };
		E7D3F4492489567100463D48 /* BackgroundShape.swift */ = {isa = PBXFileReference; lastKnownFileType = sourcecode.swift; path = BackgroundShape.swift; sourceTree = "<group>"; };
		E7D3F44B248956FE00463D48 /* CalendarDayCell.swift */ = {isa = PBXFileReference; fileEncoding = 4; lastKnownFileType = sourcecode.swift; path = CalendarDayCell.swift; sourceTree = "<group>"; };
		E7D3F452248993BE00463D48 /* Calendar.swift */ = {isa = PBXFileReference; lastKnownFileType = sourcecode.swift; path = Calendar.swift; sourceTree = "<group>"; };
		E7D3F454248997F000463D48 /* CalendarTests.swift */ = {isa = PBXFileReference; lastKnownFileType = sourcecode.swift; path = CalendarTests.swift; sourceTree = "<group>"; };
		E7D3F4562489AE3C00463D48 /* CalendarWeekView.swift */ = {isa = PBXFileReference; lastKnownFileType = sourcecode.swift; path = CalendarWeekView.swift; sourceTree = "<group>"; };
		E7D3F4582489B2DF00463D48 /* CalendarMonthView.swift */ = {isa = PBXFileReference; lastKnownFileType = sourcecode.swift; path = CalendarMonthView.swift; sourceTree = "<group>"; };
		E7D3F45D248BF2F700463D48 /* UnwrapView.swift */ = {isa = PBXFileReference; lastKnownFileType = sourcecode.swift; path = UnwrapView.swift; sourceTree = "<group>"; };
		E7D3F46524907D8E00463D48 /* StatefulSelectDayHeader.swift */ = {isa = PBXFileReference; lastKnownFileType = sourcecode.swift; path = StatefulSelectDayHeader.swift; sourceTree = "<group>"; };
		E7D3F4672493129800463D48 /* ProgressBar.swift */ = {isa = PBXFileReference; lastKnownFileType = sourcecode.swift; path = ProgressBar.swift; sourceTree = "<group>"; };
		E7D3F4692493216000463D48 /* ProgressView.swift */ = {isa = PBXFileReference; lastKnownFileType = sourcecode.swift; path = ProgressView.swift; sourceTree = "<group>"; };
		E7D3F46D249453D800463D48 /* StatefulProgressView.swift */ = {isa = PBXFileReference; lastKnownFileType = sourcecode.swift; path = StatefulProgressView.swift; sourceTree = "<group>"; };
		E7E00234249AF48F00403E50 /* GoalImpl.swift */ = {isa = PBXFileReference; lastKnownFileType = sourcecode.swift; path = GoalImpl.swift; sourceTree = "<group>"; };
		E7E00237249AF61400403E50 /* PersistentDataStore.swift */ = {isa = PBXFileReference; lastKnownFileType = sourcecode.swift; path = PersistentDataStore.swift; sourceTree = "<group>"; };
		E7E00239249AF88700403E50 /* GoalStoreImpl.swift */ = {isa = PBXFileReference; lastKnownFileType = sourcecode.swift; path = GoalStoreImpl.swift; sourceTree = "<group>"; };
		E7F39BC5249C523B00E5B751 /* FirebasePersistentDataStore.swift */ = {isa = PBXFileReference; lastKnownFileType = sourcecode.swift; path = FirebasePersistentDataStore.swift; sourceTree = "<group>"; };
/* End PBXFileReference section */

/* Begin PBXFrameworksBuildPhase section */
		E78F0546247F495D0066C687 /* Frameworks */ = {
			isa = PBXFrameworksBuildPhase;
			buildActionMask = 2147483647;
			files = (
				2174D9B9E6EA8A3150EB28E3 /* libPods-Twenty.a in Frameworks */,
			);
			runOnlyForDeploymentPostprocessing = 0;
		};
		E78F055C247F49640066C687 /* Frameworks */ = {
			isa = PBXFrameworksBuildPhase;
			buildActionMask = 2147483647;
			files = (
			);
			runOnlyForDeploymentPostprocessing = 0;
		};
/* End PBXFrameworksBuildPhase section */

/* Begin PBXGroup section */
		73544F5A2495C6B60038914D /* VIewController */ = {
			isa = PBXGroup;
			children = (
				73B7E991249893E20061D923 /* GoogleSignInViewController.swift */,
				73544F5F2495F0740038914D /* SignUpViewController.swift */,
				73544F612495F0900038914D /* SignInViewController.swift */,
				73544F632495F0CF0038914D /* HomeViewController.swift */,
				73544F662496F8170038914D /* ViewController.swift */,
			);
			path = VIewController;
			sourceTree = "<group>";
		};
		73544F652495FC1D0038914D /* Helpers */ = {
			isa = PBXGroup;
			children = (
				73B7E98D249873BF0061D923 /* Utilities.swift */,
				739C10E52497346D003B9B15 /* Constants.swift */,
			);
			path = Helpers;
			sourceTree = "<group>";
		};
		DBABA955D96A1FAC323980DE /* Pods */ = {
			isa = PBXGroup;
			children = (
				889D85D83787130A2704596A /* Pods-Twenty.debug.xcconfig */,
				AF69723C306F40791B2C46CA /* Pods-Twenty.release.xcconfig */,
			);
			path = Pods;
			sourceTree = "<group>";
		};
		E77A512824840FA1009243CC /* Stateless UI Components */ = {
			isa = PBXGroup;
			children = (
				E78F057A247F53150066C687 /* TimerWatchView.swift */,
				E7D3F4672493129800463D48 /* ProgressBar.swift */,
				E7D3F4692493216000463D48 /* ProgressView.swift */,
			);
			path = "Stateless UI Components";
			sourceTree = "<group>";
		};
		E77A512F2485565F009243CC /* Architecture */ = {
			isa = PBXGroup;
			children = (
				E7D3F45D248BF2F700463D48 /* UnwrapView.swift */,
			);
			path = Architecture;
			sourceTree = "<group>";
		};
		E78F0540247F495D0066C687 = {
			isa = PBXGroup;
			children = (
				E78F054B247F495D0066C687 /* Twenty */,
				E78F0562247F49640066C687 /* TwentyTests */,
				E78F054A247F495D0066C687 /* Products */,
				DBABA955D96A1FAC323980DE /* Pods */,
				F0CBD1D2BC05CEA0FA04C0DE /* Frameworks */,
			);
			sourceTree = "<group>";
		};
		E78F054A247F495D0066C687 /* Products */ = {
			isa = PBXGroup;
			children = (
				E78F0549247F495D0066C687 /* Twenty.app */,
				E78F055F247F49640066C687 /* TwentyTests.xctest */,
			);
			name = Products;
			sourceTree = "<group>";
		};
		E78F054B247F495D0066C687 /* Twenty */ = {
			isa = PBXGroup;
			children = (
				E7E0023B249AFD7B00403E50 /* Persistence */,
				73544F652495FC1D0038914D /* Helpers */,
				73544F5A2495C6B60038914D /* VIewController */,
				E7D3F44F2489933B00463D48 /* Calendar */,
				E77A512F2485565F009243CC /* Architecture */,
				E7D3DC712482FAEB00422C77 /* Model */,
				E78F0579247F52F60066C687 /* Timer Tab */,
				E78F0578247F52EB0066C687 /* CommonUI */,
				E78F054C247F495D0066C687 /* AppDelegate.swift */,
				E78F054E247F495D0066C687 /* SceneDelegate.swift */,
				E78F0550247F495D0066C687 /* ContentView.swift */,
				E78F0552247F49630066C687 /* Assets.xcassets */,
				E78F0557247F49630066C687 /* LaunchScreen.storyboard */,
				73544F6C2497098E0038914D /* Login.storyboard */,
				739EBF79248D8D6F000FEE6D /* GoogleService-Info.plist */,
				E78F055A247F49630066C687 /* Info.plist */,
				E78F0554247F49630066C687 /* Preview Content */,
			);
			path = Twenty;
			sourceTree = "<group>";
		};
		E78F0554247F49630066C687 /* Preview Content */ = {
			isa = PBXGroup;
			children = (
				E78F0555247F49630066C687 /* Preview Assets.xcassets */,
			);
			path = "Preview Content";
			sourceTree = "<group>";
		};
		E78F0562247F49640066C687 /* TwentyTests */ = {
			isa = PBXGroup;
			children = (
				E7D3F454248997F000463D48 /* CalendarTests.swift */,
				E78F0565247F49640066C687 /* Info.plist */,
			);
			path = TwentyTests;
			sourceTree = "<group>";
		};
		E78F0578247F52EB0066C687 /* CommonUI */ = {
			isa = PBXGroup;
			children = (
				E78F058E248094E40066C687 /* TextButton.swift */,
				E78F057C247F53260066C687 /* TextModel.swift */,
				E78F058C2480946C0066C687 /* ButtonModel.swift */,
				E78F057E247F6CF30066C687 /* ColorPalette.swift */,
				E78F0588248093140066C687 /* BackgroundColorMode.swift */,
				E7D3F4492489567100463D48 /* BackgroundShape.swift */,
				E78F058A248093D30066C687 /* BorderMode.swift */,
				E7D3F4452489426D00463D48 /* GridStack.swift */,
			);
			path = CommonUI;
			sourceTree = "<group>";
		};
		E78F0579247F52F60066C687 /* Timer Tab */ = {
			isa = PBXGroup;
			children = (
				E77A512824840FA1009243CC /* Stateless UI Components */,
				E78F05972480A9B60066C687 /* TwentyTimer.swift */,
				E78F05992481D0D10066C687 /* BackgroundTimer.swift */,
				E78F059224809CB90066C687 /* StatefulTimerTabView.swift */,
				E78F0590248095BE0066C687 /* StatefulTimerButton.swift */,
				E78F058024803D290066C687 /* StatefulTimerWatchView.swift */,
				E78F059B2482B99A0066C687 /* TimerStateStore.swift */,
				E7D3F46524907D8E00463D48 /* StatefulSelectDayHeader.swift */,
				E7D3F46D249453D800463D48 /* StatefulProgressView.swift */,
			);
			path = "Timer Tab";
			sourceTree = "<group>";
		};
		E7D3DC712482FAEB00422C77 /* Model */ = {
			isa = PBXGroup;
			children = (
				E7D3DC722483055800422C77 /* Goal.swift */,
				E7E00234249AF48F00403E50 /* GoalImpl.swift */,
				E7E00239249AF88700403E50 /* GoalStoreImpl.swift */,
				E7D3DC7424833DD700422C77 /* GoalStoreReader.swift */,
				E77A51292484130C009243CC /* GoalStoreWriter.swift */,
			);
			path = Model;
			sourceTree = "<group>";
		};
		E7D3F44F2489933B00463D48 /* Calendar */ = {
			isa = PBXGroup;
			children = (
				E7D3F45A2489BB8B00463D48 /* Stateless UI Components */,
				E7D3F452248993BE00463D48 /* Calendar.swift */,
			);
			path = Calendar;
			sourceTree = "<group>";
		};
		E7D3F45A2489BB8B00463D48 /* Stateless UI Components */ = {
			isa = PBXGroup;
			children = (
				E7D3F44B248956FE00463D48 /* CalendarDayCell.swift */,
				E7D3F4562489AE3C00463D48 /* CalendarWeekView.swift */,
				E7D3F4582489B2DF00463D48 /* CalendarMonthView.swift */,
			);
			path = "Stateless UI Components";
			sourceTree = "<group>";
		};
		E7E0023B249AFD7B00403E50 /* Persistence */ = {
			isa = PBXGroup;
			children = (
				E7E00237249AF61400403E50 /* PersistentDataStore.swift */,
				E7F39BC5249C523B00E5B751 /* FirebasePersistentDataStore.swift */,
			);
			path = Persistence;
			sourceTree = "<group>";
		};
		F0CBD1D2BC05CEA0FA04C0DE /* Frameworks */ = {
			isa = PBXGroup;
			children = (
				A4A5AC360BE63538BD4D7714 /* libPods-Twenty.a */,
			);
			name = Frameworks;
			sourceTree = "<group>";
		};
/* End PBXGroup section */

/* Begin PBXNativeTarget section */
		E78F0548247F495D0066C687 /* Twenty */ = {
			isa = PBXNativeTarget;
			buildConfigurationList = E78F0568247F49640066C687 /* Build configuration list for PBXNativeTarget "Twenty" */;
			buildPhases = (
				3008ED82D0914D1F7B875E7A /* [CP] Check Pods Manifest.lock */,
				E78F0545247F495D0066C687 /* Sources */,
				E78F0546247F495D0066C687 /* Frameworks */,
				E78F0547247F495D0066C687 /* Resources */,
				0195DDD6E3C096C3CD3E80D2 /* [CP] Copy Pods Resources */,
			);
			buildRules = (
			);
			dependencies = (
			);
			name = Twenty;
			productName = Twenty;
			productReference = E78F0549247F495D0066C687 /* Twenty.app */;
			productType = "com.apple.product-type.application";
		};
		E78F055E247F49640066C687 /* TwentyTests */ = {
			isa = PBXNativeTarget;
			buildConfigurationList = E78F056B247F49640066C687 /* Build configuration list for PBXNativeTarget "TwentyTests" */;
			buildPhases = (
				E78F055B247F49640066C687 /* Sources */,
				E78F055C247F49640066C687 /* Frameworks */,
				E78F055D247F49640066C687 /* Resources */,
			);
			buildRules = (
			);
			dependencies = (
				E78F0561247F49640066C687 /* PBXTargetDependency */,
			);
			name = TwentyTests;
			productName = TwentyTests;
			productReference = E78F055F247F49640066C687 /* TwentyTests.xctest */;
			productType = "com.apple.product-type.bundle.unit-test";
		};
/* End PBXNativeTarget section */

/* Begin PBXProject section */
		E78F0541247F495D0066C687 /* Project object */ = {
			isa = PBXProject;
			attributes = {
				LastSwiftUpdateCheck = 1110;
				LastUpgradeCheck = 1110;
				ORGANIZATIONNAME = "Hao Luo";
				TargetAttributes = {
					E78F0548247F495D0066C687 = {
						CreatedOnToolsVersion = 11.1;
					};
					E78F055E247F49640066C687 = {
						CreatedOnToolsVersion = 11.1;
						TestTargetID = E78F0548247F495D0066C687;
					};
				};
			};
			buildConfigurationList = E78F0544247F495D0066C687 /* Build configuration list for PBXProject "Twenty" */;
			compatibilityVersion = "Xcode 9.3";
			developmentRegion = en;
			hasScannedForEncodings = 0;
			knownRegions = (
				en,
				Base,
			);
			mainGroup = E78F0540247F495D0066C687;
			productRefGroup = E78F054A247F495D0066C687 /* Products */;
			projectDirPath = "";
			projectRoot = "";
			targets = (
				E78F0548247F495D0066C687 /* Twenty */,
				E78F055E247F49640066C687 /* TwentyTests */,
			);
		};
/* End PBXProject section */

/* Begin PBXResourcesBuildPhase section */
		E78F0547247F495D0066C687 /* Resources */ = {
			isa = PBXResourcesBuildPhase;
			buildActionMask = 2147483647;
			files = (
				E78F0559247F49630066C687 /* LaunchScreen.storyboard in Resources */,
				739EBF7A248D8D6F000FEE6D /* GoogleService-Info.plist in Resources */,
				E78F0556247F49630066C687 /* Preview Assets.xcassets in Resources */,
				E78F0553247F49630066C687 /* Assets.xcassets in Resources */,
				73544F6D2497098E0038914D /* Login.storyboard in Resources */,
			);
			runOnlyForDeploymentPostprocessing = 0;
		};
		E78F055D247F49640066C687 /* Resources */ = {
			isa = PBXResourcesBuildPhase;
			buildActionMask = 2147483647;
			files = (
			);
			runOnlyForDeploymentPostprocessing = 0;
		};
/* End PBXResourcesBuildPhase section */

/* Begin PBXShellScriptBuildPhase section */
		0195DDD6E3C096C3CD3E80D2 /* [CP] Copy Pods Resources */ = {
			isa = PBXShellScriptBuildPhase;
			buildActionMask = 2147483647;
			files = (
			);
			inputFileListPaths = (
				"${PODS_ROOT}/Target Support Files/Pods-Twenty/Pods-Twenty-resources-${CONFIGURATION}-input-files.xcfilelist",
			);
			name = "[CP] Copy Pods Resources";
			outputFileListPaths = (
				"${PODS_ROOT}/Target Support Files/Pods-Twenty/Pods-Twenty-resources-${CONFIGURATION}-output-files.xcfilelist",
			);
			runOnlyForDeploymentPostprocessing = 0;
			shellPath = /bin/sh;
			shellScript = "\"${PODS_ROOT}/Target Support Files/Pods-Twenty/Pods-Twenty-resources.sh\"\n";
			showEnvVarsInLog = 0;
		};
		3008ED82D0914D1F7B875E7A /* [CP] Check Pods Manifest.lock */ = {
			isa = PBXShellScriptBuildPhase;
			buildActionMask = 2147483647;
			files = (
			);
			inputFileListPaths = (
			);
			inputPaths = (
				"${PODS_PODFILE_DIR_PATH}/Podfile.lock",
				"${PODS_ROOT}/Manifest.lock",
			);
			name = "[CP] Check Pods Manifest.lock";
			outputFileListPaths = (
			);
			outputPaths = (
				"$(DERIVED_FILE_DIR)/Pods-Twenty-checkManifestLockResult.txt",
			);
			runOnlyForDeploymentPostprocessing = 0;
			shellPath = /bin/sh;
			shellScript = "diff \"${PODS_PODFILE_DIR_PATH}/Podfile.lock\" \"${PODS_ROOT}/Manifest.lock\" > /dev/null\nif [ $? != 0 ] ; then\n    # print error to STDERR\n    echo \"error: The sandbox is not in sync with the Podfile.lock. Run 'pod install' or update your CocoaPods installation.\" >&2\n    exit 1\nfi\n# This output is used by Xcode 'outputs' to avoid re-running this script phase.\necho \"SUCCESS\" > \"${SCRIPT_OUTPUT_FILE_0}\"\n";
			showEnvVarsInLog = 0;
		};
/* End PBXShellScriptBuildPhase section */

/* Begin PBXSourcesBuildPhase section */
		E78F0545247F495D0066C687 /* Sources */ = {
			isa = PBXSourcesBuildPhase;
			buildActionMask = 2147483647;
			files = (
				73544F602495F0740038914D /* SignUpViewController.swift in Sources */,
				E78F058F248094E40066C687 /* TextButton.swift in Sources */,
				E7D3F45E248BF2F700463D48 /* UnwrapView.swift in Sources */,
				E7D3F44C248956FE00463D48 /* CalendarDayCell.swift in Sources */,
				E7D3F46624907D8E00463D48 /* StatefulSelectDayHeader.swift in Sources */,
				73544F642495F0CF0038914D /* HomeViewController.swift in Sources */,
				E78F059A2481D0D10066C687 /* BackgroundTimer.swift in Sources */,
				E78F0589248093140066C687 /* BackgroundColorMode.swift in Sources */,
				E7E00235249AF48F00403E50 /* GoalImpl.swift in Sources */,
				739C10E62497346D003B9B15 /* Constants.swift in Sources */,
				E78F054D247F495D0066C687 /* AppDelegate.swift in Sources */,
				E7D3F46A2493216000463D48 /* ProgressView.swift in Sources */,
				E78F05982480A9B60066C687 /* TwentyTimer.swift in Sources */,
				E7D3F44A2489567100463D48 /* BackgroundShape.swift in Sources */,
				E7F39BC6249C523C00E5B751 /* FirebasePersistentDataStore.swift in Sources */,
				E7E0023A249AF88700403E50 /* GoalStoreImpl.swift in Sources */,
				E7D3F4592489B2DF00463D48 /* CalendarMonthView.swift in Sources */,
				E78F058124803D290066C687 /* StatefulTimerWatchView.swift in Sources */,
				73B7E992249893E20061D923 /* GoogleSignInViewController.swift in Sources */,
				E78F058B248093D30066C687 /* BorderMode.swift in Sources */,
				E7D3F46E249453D800463D48 /* StatefulProgressView.swift in Sources */,
				E78F0591248095BE0066C687 /* StatefulTimerButton.swift in Sources */,
				E7D3DC7524833DD700422C77 /* GoalStoreReader.swift in Sources */,
				E77A512A2484130C009243CC /* GoalStoreWriter.swift in Sources */,
				E78F057D247F53260066C687 /* TextModel.swift in Sources */,
				E7D3F4682493129900463D48 /* ProgressBar.swift in Sources */,
				E7D3F4462489426D00463D48 /* GridStack.swift in Sources */,
				E78F054F247F495D0066C687 /* SceneDelegate.swift in Sources */,
				E78F059C2482B99B0066C687 /* TimerStateStore.swift in Sources */,
				E7E00238249AF61400403E50 /* PersistentDataStore.swift in Sources */,
				73544F622495F0900038914D /* SignInViewController.swift in Sources */,
				E78F057B247F53150066C687 /* TimerWatchView.swift in Sources */,
				E78F058D2480946C0066C687 /* ButtonModel.swift in Sources */,
				E78F0551247F495D0066C687 /* ContentView.swift in Sources */,
				73544F672496F8170038914D /* ViewController.swift in Sources */,
				73B7E98E249873C00061D923 /* Utilities.swift in Sources */,
				E78F059324809CB90066C687 /* StatefulTimerTabView.swift in Sources */,
				E7D3F4572489AE3C00463D48 /* CalendarWeekView.swift in Sources */,
				E7D3DC732483055800422C77 /* Goal.swift in Sources */,
				E78F057F247F6CF30066C687 /* ColorPalette.swift in Sources */,
				E7D3F453248993BE00463D48 /* Calendar.swift in Sources */,
			);
			runOnlyForDeploymentPostprocessing = 0;
		};
		E78F055B247F49640066C687 /* Sources */ = {
			isa = PBXSourcesBuildPhase;
			buildActionMask = 2147483647;
			files = (
				E7D3F455248997F100463D48 /* CalendarTests.swift in Sources */,
			);
			runOnlyForDeploymentPostprocessing = 0;
		};
/* End PBXSourcesBuildPhase section */

/* Begin PBXTargetDependency section */
		E78F0561247F49640066C687 /* PBXTargetDependency */ = {
			isa = PBXTargetDependency;
			target = E78F0548247F495D0066C687 /* Twenty */;
			targetProxy = E78F0560247F49640066C687 /* PBXContainerItemProxy */;
		};
/* End PBXTargetDependency section */

/* Begin PBXVariantGroup section */
		E78F0557247F49630066C687 /* LaunchScreen.storyboard */ = {
			isa = PBXVariantGroup;
			children = (
				E78F0558247F49630066C687 /* Base */,
			);
			name = LaunchScreen.storyboard;
			sourceTree = "<group>";
		};
/* End PBXVariantGroup section */

/* Begin XCBuildConfiguration section */
		E78F0566247F49640066C687 /* Debug */ = {
			isa = XCBuildConfiguration;
			buildSettings = {
				ALWAYS_SEARCH_USER_PATHS = NO;
				CLANG_ANALYZER_NONNULL = YES;
				CLANG_ANALYZER_NUMBER_OBJECT_CONVERSION = YES_AGGRESSIVE;
				CLANG_CXX_LANGUAGE_STANDARD = "gnu++14";
				CLANG_CXX_LIBRARY = "libc++";
				CLANG_ENABLE_MODULES = YES;
				CLANG_ENABLE_OBJC_ARC = YES;
				CLANG_ENABLE_OBJC_WEAK = YES;
				CLANG_WARN_BLOCK_CAPTURE_AUTORELEASING = YES;
				CLANG_WARN_BOOL_CONVERSION = YES;
				CLANG_WARN_COMMA = YES;
				CLANG_WARN_CONSTANT_CONVERSION = YES;
				CLANG_WARN_DEPRECATED_OBJC_IMPLEMENTATIONS = YES;
				CLANG_WARN_DIRECT_OBJC_ISA_USAGE = YES_ERROR;
				CLANG_WARN_DOCUMENTATION_COMMENTS = YES;
				CLANG_WARN_EMPTY_BODY = YES;
				CLANG_WARN_ENUM_CONVERSION = YES;
				CLANG_WARN_INFINITE_RECURSION = YES;
				CLANG_WARN_INT_CONVERSION = YES;
				CLANG_WARN_NON_LITERAL_NULL_CONVERSION = YES;
				CLANG_WARN_OBJC_IMPLICIT_RETAIN_SELF = YES;
				CLANG_WARN_OBJC_LITERAL_CONVERSION = YES;
				CLANG_WARN_OBJC_ROOT_CLASS = YES_ERROR;
				CLANG_WARN_RANGE_LOOP_ANALYSIS = YES;
				CLANG_WARN_STRICT_PROTOTYPES = YES;
				CLANG_WARN_SUSPICIOUS_MOVE = YES;
				CLANG_WARN_UNGUARDED_AVAILABILITY = YES_AGGRESSIVE;
				CLANG_WARN_UNREACHABLE_CODE = YES;
				CLANG_WARN__DUPLICATE_METHOD_MATCH = YES;
				COPY_PHASE_STRIP = NO;
				DEBUG_INFORMATION_FORMAT = dwarf;
				ENABLE_STRICT_OBJC_MSGSEND = YES;
				ENABLE_TESTABILITY = YES;
				GCC_C_LANGUAGE_STANDARD = gnu11;
				GCC_DYNAMIC_NO_PIC = NO;
				GCC_NO_COMMON_BLOCKS = YES;
				GCC_OPTIMIZATION_LEVEL = 0;
				GCC_PREPROCESSOR_DEFINITIONS = (
					"DEBUG=1",
					"$(inherited)",
				);
				GCC_WARN_64_TO_32_BIT_CONVERSION = YES;
				GCC_WARN_ABOUT_RETURN_TYPE = YES_ERROR;
				GCC_WARN_UNDECLARED_SELECTOR = YES;
				GCC_WARN_UNINITIALIZED_AUTOS = YES_AGGRESSIVE;
				GCC_WARN_UNUSED_FUNCTION = YES;
				GCC_WARN_UNUSED_VARIABLE = YES;
				IPHONEOS_DEPLOYMENT_TARGET = 13.1;
				MTL_ENABLE_DEBUG_INFO = INCLUDE_SOURCE;
				MTL_FAST_MATH = YES;
				ONLY_ACTIVE_ARCH = YES;
				SDKROOT = iphoneos;
				SWIFT_ACTIVE_COMPILATION_CONDITIONS = DEBUG;
				SWIFT_OPTIMIZATION_LEVEL = "-Onone";
			};
			name = Debug;
		};
		E78F0567247F49640066C687 /* Release */ = {
			isa = XCBuildConfiguration;
			buildSettings = {
				ALWAYS_SEARCH_USER_PATHS = NO;
				CLANG_ANALYZER_NONNULL = YES;
				CLANG_ANALYZER_NUMBER_OBJECT_CONVERSION = YES_AGGRESSIVE;
				CLANG_CXX_LANGUAGE_STANDARD = "gnu++14";
				CLANG_CXX_LIBRARY = "libc++";
				CLANG_ENABLE_MODULES = YES;
				CLANG_ENABLE_OBJC_ARC = YES;
				CLANG_ENABLE_OBJC_WEAK = YES;
				CLANG_WARN_BLOCK_CAPTURE_AUTORELEASING = YES;
				CLANG_WARN_BOOL_CONVERSION = YES;
				CLANG_WARN_COMMA = YES;
				CLANG_WARN_CONSTANT_CONVERSION = YES;
				CLANG_WARN_DEPRECATED_OBJC_IMPLEMENTATIONS = YES;
				CLANG_WARN_DIRECT_OBJC_ISA_USAGE = YES_ERROR;
				CLANG_WARN_DOCUMENTATION_COMMENTS = YES;
				CLANG_WARN_EMPTY_BODY = YES;
				CLANG_WARN_ENUM_CONVERSION = YES;
				CLANG_WARN_INFINITE_RECURSION = YES;
				CLANG_WARN_INT_CONVERSION = YES;
				CLANG_WARN_NON_LITERAL_NULL_CONVERSION = YES;
				CLANG_WARN_OBJC_IMPLICIT_RETAIN_SELF = YES;
				CLANG_WARN_OBJC_LITERAL_CONVERSION = YES;
				CLANG_WARN_OBJC_ROOT_CLASS = YES_ERROR;
				CLANG_WARN_RANGE_LOOP_ANALYSIS = YES;
				CLANG_WARN_STRICT_PROTOTYPES = YES;
				CLANG_WARN_SUSPICIOUS_MOVE = YES;
				CLANG_WARN_UNGUARDED_AVAILABILITY = YES_AGGRESSIVE;
				CLANG_WARN_UNREACHABLE_CODE = YES;
				CLANG_WARN__DUPLICATE_METHOD_MATCH = YES;
				COPY_PHASE_STRIP = NO;
				DEBUG_INFORMATION_FORMAT = "dwarf-with-dsym";
				ENABLE_NS_ASSERTIONS = NO;
				ENABLE_STRICT_OBJC_MSGSEND = YES;
				GCC_C_LANGUAGE_STANDARD = gnu11;
				GCC_NO_COMMON_BLOCKS = YES;
				GCC_WARN_64_TO_32_BIT_CONVERSION = YES;
				GCC_WARN_ABOUT_RETURN_TYPE = YES_ERROR;
				GCC_WARN_UNDECLARED_SELECTOR = YES;
				GCC_WARN_UNINITIALIZED_AUTOS = YES_AGGRESSIVE;
				GCC_WARN_UNUSED_FUNCTION = YES;
				GCC_WARN_UNUSED_VARIABLE = YES;
				IPHONEOS_DEPLOYMENT_TARGET = 13.1;
				MTL_ENABLE_DEBUG_INFO = NO;
				MTL_FAST_MATH = YES;
				SDKROOT = iphoneos;
				SWIFT_COMPILATION_MODE = wholemodule;
				SWIFT_OPTIMIZATION_LEVEL = "-O";
				VALIDATE_PRODUCT = YES;
			};
			name = Release;
		};
		E78F0569247F49640066C687 /* Debug */ = {
			isa = XCBuildConfiguration;
			baseConfigurationReference = 889D85D83787130A2704596A /* Pods-Twenty.debug.xcconfig */;
			buildSettings = {
				ASSETCATALOG_COMPILER_APPICON_NAME = AppIcon;
				CODE_SIGN_STYLE = Automatic;
				DEVELOPMENT_ASSET_PATHS = "\"Twenty/Preview Content\"";
				ENABLE_PREVIEWS = YES;
				INFOPLIST_FILE = Twenty/Info.plist;
				LD_RUNPATH_SEARCH_PATHS = (
					"$(inherited)",
					"@executable_path/Frameworks",
				);
				PRODUCT_BUNDLE_IDENTIFIER = haoluo.Twenty;
				PRODUCT_NAME = "$(TARGET_NAME)";
				SWIFT_VERSION = 5.0;
				TARGETED_DEVICE_FAMILY = "1,2";
			};
			name = Debug;
		};
		E78F056A247F49640066C687 /* Release */ = {
			isa = XCBuildConfiguration;
			baseConfigurationReference = AF69723C306F40791B2C46CA /* Pods-Twenty.release.xcconfig */;
			buildSettings = {
				ASSETCATALOG_COMPILER_APPICON_NAME = AppIcon;
				CODE_SIGN_STYLE = Automatic;
				DEVELOPMENT_ASSET_PATHS = "\"Twenty/Preview Content\"";
				ENABLE_PREVIEWS = YES;
				INFOPLIST_FILE = Twenty/Info.plist;
				LD_RUNPATH_SEARCH_PATHS = (
					"$(inherited)",
					"@executable_path/Frameworks",
				);
				PRODUCT_BUNDLE_IDENTIFIER = haoluo.Twenty;
				PRODUCT_NAME = "$(TARGET_NAME)";
				SWIFT_VERSION = 5.0;
				TARGETED_DEVICE_FAMILY = "1,2";
			};
			name = Release;
		};
		E78F056C247F49640066C687 /* Debug */ = {
			isa = XCBuildConfiguration;
			buildSettings = {
				ALWAYS_EMBED_SWIFT_STANDARD_LIBRARIES = YES;
				BUNDLE_LOADER = "$(TEST_HOST)";
				CODE_SIGN_STYLE = Automatic;
				INFOPLIST_FILE = TwentyTests/Info.plist;
				IPHONEOS_DEPLOYMENT_TARGET = 13.1;
				LD_RUNPATH_SEARCH_PATHS = (
					"$(inherited)",
					"@executable_path/Frameworks",
					"@loader_path/Frameworks",
				);
				PRODUCT_BUNDLE_IDENTIFIER = haoluo.TwentyTests;
				PRODUCT_NAME = "$(TARGET_NAME)";
				SWIFT_VERSION = 5.0;
				TARGETED_DEVICE_FAMILY = "1,2";
				TEST_HOST = "$(BUILT_PRODUCTS_DIR)/Twenty.app/Twenty";
			};
			name = Debug;
		};
		E78F056D247F49640066C687 /* Release */ = {
			isa = XCBuildConfiguration;
			buildSettings = {
				ALWAYS_EMBED_SWIFT_STANDARD_LIBRARIES = YES;
				BUNDLE_LOADER = "$(TEST_HOST)";
				CODE_SIGN_STYLE = Automatic;
				INFOPLIST_FILE = TwentyTests/Info.plist;
				IPHONEOS_DEPLOYMENT_TARGET = 13.1;
				LD_RUNPATH_SEARCH_PATHS = (
					"$(inherited)",
					"@executable_path/Frameworks",
					"@loader_path/Frameworks",
				);
				PRODUCT_BUNDLE_IDENTIFIER = haoluo.TwentyTests;
				PRODUCT_NAME = "$(TARGET_NAME)";
				SWIFT_VERSION = 5.0;
				TARGETED_DEVICE_FAMILY = "1,2";
				TEST_HOST = "$(BUILT_PRODUCTS_DIR)/Twenty.app/Twenty";
			};
			name = Release;
		};
/* End XCBuildConfiguration section */

/* Begin XCConfigurationList section */
		E78F0544247F495D0066C687 /* Build configuration list for PBXProject "Twenty" */ = {
			isa = XCConfigurationList;
			buildConfigurations = (
				E78F0566247F49640066C687 /* Debug */,
				E78F0567247F49640066C687 /* Release */,
			);
			defaultConfigurationIsVisible = 0;
			defaultConfigurationName = Release;
		};
		E78F0568247F49640066C687 /* Build configuration list for PBXNativeTarget "Twenty" */ = {
			isa = XCConfigurationList;
			buildConfigurations = (
				E78F0569247F49640066C687 /* Debug */,
				E78F056A247F49640066C687 /* Release */,
			);
			defaultConfigurationIsVisible = 0;
			defaultConfigurationName = Release;
		};
		E78F056B247F49640066C687 /* Build configuration list for PBXNativeTarget "TwentyTests" */ = {
			isa = XCConfigurationList;
			buildConfigurations = (
				E78F056C247F49640066C687 /* Debug */,
				E78F056D247F49640066C687 /* Release */,
			);
			defaultConfigurationIsVisible = 0;
			defaultConfigurationName = Release;
		};
/* End XCConfigurationList section */
	};
	rootObject = E78F0541247F495D0066C687 /* Project object */;
}
